
Microsoft Visual Studio Solution File, Format Version 12.00
# Visual Studio Version 16
VisualStudioVersion = 16.0.32106.194
MinimumVisualStudioVersion = 10.0.40219.1
Project("{FAE04EC0-301F-11D3-BF4B-00C04F79EFBC}") = "FlipCoin", "FlipCoin.csproj", "{C08D93D9-535D-4BCF-BF3B-07E01F604EB4}"
EndProject
Global
	GlobalSection(SolutionConfigurationPlatforms) = preSolution
		Debug|Any CPU = Debug|Any CPU
		Release|Any CPU = Release|Any CPU
	EndGlobalSection
	GlobalSection(ProjectConfigurationPlatforms) = postSolution
		{C08D93D9-535D-4BCF-BF3B-07E01F604EB4}.Debug|Any CPU.ActiveCfg = Debug|Any CPU
		{C08D93D9-535D-4BCF-BF3B-07E01F604EB4}.Debug|Any CPU.Build.0 = Debug|Any CPU
		{C08D93D9-535D-4BCF-BF3B-07E01F604EB4}.Release|Any CPU.ActiveCfg = Release|Any CPU
		{C08D93D9-535D-4BCF-BF3B-07E01F604EB4}.Release|Any CPU.Build.0 = Release|Any CPU
	EndGlobalSection
	GlobalSection(SolutionProperties) = preSolution
		HideSolutionNode = FALSE
	EndGlobalSection
	GlobalSection(ExtensibilityGlobals) = postSolution
		SolutionGuid = {171553BC-CA59-48BE-9C1D-18559CD0DB89}
	EndGlobalSection
EndGlobal
